<?xml version="1.0" encoding="utf-8"?>
<Project ToolsVersion="4.0" xmlns="http://schemas.microsoft.com/developer/msbuild/2003">
  <ItemGroup>
    <Filter Include="源文件">
      <UniqueIdentifier>{4FC737F1-C7A5-4376-A066-2A32D752A2FF}</UniqueIdentifier>
      <Extensions>cpp;c;cc;cxx;def;odl;idl;hpj;bat;asm;asmx</Extensions>
    </Filter>
    <Filter Include="资源文件">
      <UniqueIdentifier>{67DA6AB6-F800-4c08-8B7A-83BB121AAD01}</UniqueIdentifier>
      <Extensions>rc;ico;cur;bmp;dlg;rc2;rct;bin;rgs;gif;jpg;jpeg;jpe;resx;tiff;tif;png;wav;mfcribbon-ms</Extensions>
    </Filter>
    <Filter Include="lua">
      <UniqueIdentifier>{93995380-89BD-4b04-88EB-625FBE52EBFB}</UniqueIdentifier>
      <Extensions>h;hh;hpp;hxx;hm;inl;inc;xsd</Extensions>
    </Filter>
    <Filter Include="tolua">
      <UniqueIdentifier>{02f3fc6e-ed7a-44e7-a190-cf2ef44a865b}</UniqueIdentifier>
    </Filter>
    <Filter Include="test">
      <UniqueIdentifier>{455f1002-21c2-4262-9e92-1ab5b6feb61a}</UniqueIdentifier>
    </Filter>
    <Filter Include="test\c2lua_test">
      <UniqueIdentifier>{de3640ad-a07b-4003-8cb0-9f7be4e5b71e}</UniqueIdentifier>
    </Filter>
    <Filter Include="test\lua2c_test">
      <UniqueIdentifier>{46e98e23-3171-41f0-9cff-f9f08ae72869}</UniqueIdentifier>
    </Filter>
  </ItemGroup>
  <ItemGroup>
    <ClCompile Include="lua\src\lcode.c">
      <Filter>lua</Filter>
    </ClCompile>
    <ClCompile Include="lua\src\ldblib.c">
      <Filter>lua</Filter>
    </ClCompile>
    <ClCompile Include="lua\src\ldebug.c">
      <Filter>lua</Filter>
    </ClCompile>
    <ClCompile Include="lua\src\ldo.c">
      <Filter>lua</Filter>
    </ClCompile>
    <ClCompile Include="lua\src\ldump.c">
      <Filter>lua</Filter>
    </ClCompile>
    <ClCompile Include="lua\src\lfunc.c">
      <Filter>lua</Filter>
    </ClCompile>
    <ClCompile Include="lua\src\lgc.c">
      <Filter>lua</Filter>
    </ClCompile>
    <ClCompile Include="lua\src\linit.c">
      <Filter>lua</Filter>
    </ClCompile>
    <ClCompile Include="lua\src\liolib.c">
      <Filter>lua</Filter>
    </ClCompile>
    <ClCompile Include="lua\src\llex.c">
      <Filter>lua</Filter>
    </ClCompile>
    <ClCompile Include="lua\src\lmathlib.c">
      <Filter>lua</Filter>
    </ClCompile>
    <ClCompile Include="lua\src\lmem.c">
      <Filter>lua</Filter>
    </ClCompile>
    <ClCompile Include="lua\src\loadlib.c">
      <Filter>lua</Filter>
    </ClCompile>
    <ClCompile Include="lua\src\lobject.c">
      <Filter>lua</Filter>
    </ClCompile>
    <ClCompile Include="lua\src\lopcodes.c">
      <Filter>lua</Filter>
    </ClCompile>
    <ClCompile Include="lua\src\loslib.c">
      <Filter>lua</Filter>
    </ClCompile>
    <ClCompile Include="lua\src\lparser.c">
      <Filter>lua</Filter>
    </ClCompile>
    <ClCompile Include="lua\src\lstate.c">
      <Filter>lua</Filter>
    </ClCompile>
    <ClCompile Include="lua\src\lstring.c">
      <Filter>lua</Filter>
    </ClCompile>
    <ClCompile Include="lua\src\lstrlib.c">
      <Filter>lua</Filter>
    </ClCompile>
    <ClCompile Include="lua\src\ltable.c">
      <Filter>lua</Filter>
    </ClCompile>
    <ClCompile Include="lua\src\ltablib.c">
      <Filter>lua</Filter>
    </ClCompile>
    <ClCompile Include="lua\src\ltm.c">
      <Filter>lua</Filter>
    </ClCompile>
    <ClCompile Include="lua\src\lundump.c">
      <Filter>lua</Filter>
    </ClCompile>
    <ClCompile Include="lua\src\lvm.c">
      <Filter>lua</Filter>
    </ClCompile>
    <ClCompile Include="lua\src\lzio.c">
      <Filter>lua</Filter>
    </ClCompile>
    <ClCompile Include="lua\src\print.c">
      <Filter>lua</Filter>
    </ClCompile>
    <ClCompile Include="lua\src\lapi.c">
      <Filter>lua</Filter>
    </ClCompile>
    <ClCompile Include="lua\src\lauxlib.c">
      <Filter>lua</Filter>
    </ClCompile>
    <ClCompile Include="lua\src\lbaselib.c">
      <Filter>lua</Filter>
    </ClCompile>
    <ClCompile Include="main.cpp">
      <Filter>源文件</Filter>
    </ClCompile>
    <ClCompile Include="tolua\lib\tolua_map.c">
      <Filter>tolua</Filter>
    </ClCompile>
    <ClCompile Include="tolua\lib\tolua_push.c">
      <Filter>tolua</Filter>
    </ClCompile>
    <ClCompile Include="tolua\lib\tolua_to.c">
      <Filter>tolua</Filter>
    </ClCompile>
    <ClCompile Include="tolua\lib\tolua_event.c">
      <Filter>tolua</Filter>
    </ClCompile>
    <ClCompile Include="tolua\lib\tolua_is.c">
      <Filter>tolua</Filter>
    </ClCompile>
    <ClCompile Include="c2lua_test\ctest_tolua.cpp">
      <Filter>test\c2lua_test</Filter>
    </ClCompile>
    <ClCompile Include="lua2c_test\doit_tolua.cpp">
      <Filter>test\lua2c_test</Filter>
    </ClCompile>
    <ClCompile Include="c2lua_test\LoveExt.cpp">
      <Filter>test\c2lua_test</Filter>
    </ClCompile>
    <ClCompile Include="c2lua_test\tolua_ext.cpp">
      <Filter>test\c2lua_test</Filter>
    </ClCompile>
    <ClCompile Include="c2lua_test\LuaFunction.cpp">
      <Filter>test\c2lua_test</Filter>
    </ClCompile>
  </ItemGroup>
  <ItemGroup>
    <ClInclude Include="lua\src\lcode.h">
      <Filter>lua</Filter>
    </ClInclude>
    <ClInclude Include="lua\src\ldebug.h">
      <Filter>lua</Filter>
    </ClInclude>
    <ClInclude Include="lua\src\ldo.h">
      <Filter>lua</Filter>
    </ClInclude>
    <ClInclude Include="lua\src\lfunc.h">
      <Filter>lua</Filter>
    </ClInclude>
    <ClInclude Include="lua\src\lgc.h">
      <Filter>lua</Filter>
    </ClInclude>
    <ClInclude Include="lua\src\llex.h">
      <Filter>lua</Filter>
    </ClInclude>
    <ClInclude Include="lua\src\llimits.h">
      <Filter>lua</Filter>
    </ClInclude>
    <ClInclude Include="lua\src\lmem.h">
      <Filter>lua</Filter>
    </ClInclude>
    <ClInclude Include="lua\src\lobject.h">
      <Filter>lua</Filter>
    </ClInclude>
    <ClInclude Include="lua\src\lopcodes.h">
      <Filter>lua</Filter>
    </ClInclude>
    <ClInclude Include="lua\src\lparser.h">
      <Filter>lua</Filter>
    </ClInclude>
    <ClInclude Include="lua\src\lstate.h">
      <Filter>lua</Filter>
    </ClInclude>
    <ClInclude Include="lua\src\lstring.h">
      <Filter>lua</Filter>
    </ClInclude>
    <ClInclude Include="lua\src\ltable.h">
      <Filter>lua</Filter>
    </ClInclude>
    <ClInclude Include="lua\src\ltm.h">
      <Filter>lua</Filter>
    </ClInclude>
    <ClInclude Include="lua\src\lua.h">
      <Filter>lua</Filter>
    </ClInclude>
    <ClInclude Include="lua\src\lua.hpp">
      <Filter>lua</Filter>
    </ClInclude>
    <ClInclude Include="lua\src\luaconf.h">
      <Filter>lua</Filter>
    </ClInclude>
    <ClInclude Include="lua\src\lualib.h">
      <Filter>lua</Filter>
    </ClInclude>
    <ClInclude Include="lua\src\lundump.h">
      <Filter>lua</Filter>
    </ClInclude>
    <ClInclude Include="lua\src\lvm.h">
      <Filter>lua</Filter>
    </ClInclude>
    <ClInclude Include="lua\src\lzio.h">
      <Filter>lua</Filter>
    </ClInclude>
    <ClInclude Include="lua\src\lapi.h">
      <Filter>lua</Filter>
    </ClInclude>
    <ClInclude Include="lua\src\lauxlib.h">
      <Filter>lua</Filter>
    </ClInclude>
    <ClInclude Include="tolua\lib\tolua_event.h">
      <Filter>tolua</Filter>
    </ClInclude>
    <ClInclude Include="c2lua_test\ctest_tolua.h">
      <Filter>test\c2lua_test</Filter>
    </ClInclude>
    <ClInclude Include="lua2c_test\doit_tolua.h">
      <Filter>test\lua2c_test</Filter>
    </ClInclude>
    <ClInclude Include="c2lua_test\LoveExt.h">
      <Filter>test\c2lua_test</Filter>
    </ClInclude>
    <ClInclude Include="c2lua_test\tolua_ext.h">
      <Filter>test\c2lua_test</Filter>
    </ClInclude>
    <ClInclude Include="c2lua_test\LuaFunction.h">
      <Filter>test\c2lua_test</Filter>
    </ClInclude>
  </ItemGroup>
  <ItemGroup>
    <None Include="lua\src\Makefile">
      <Filter>lua</Filter>
    </None>
  </ItemGroup>
</Project>